<?xml version="1.0" encoding="utf-8"?>
<Project ToolsVersion="4.0" xmlns="http://schemas.microsoft.com/developer/msbuild/2003">
  <ItemGroup>
    <Filter Include="ソース ファイル">
      <UniqueIdentifier>{4FC737F1-C7A5-4376-A066-2A32D752A2FF}</UniqueIdentifier>
      <Extensions>cpp;c;cc;cxx;def;odl;idl;hpj;bat;asm;asmx</Extensions>
    </Filter>
    <Filter Include="ソース ファイル\BaseSystem">
      <UniqueIdentifier>{85f7f144-4dc3-4734-bdfc-756a9e704971}</UniqueIdentifier>
    </Filter>
    <Filter Include="ソース ファイル\BaseSystem\Math">
      <UniqueIdentifier>{e3e4a3ec-c611-4226-abac-9a41b3859468}</UniqueIdentifier>
    </Filter>
    <Filter Include="ソース ファイル\BaseSystem\Model">
      <UniqueIdentifier>{a9e7af69-90a7-440c-b3ea-28d6313d2c27}</UniqueIdentifier>
    </Filter>
    <Filter Include="ソース ファイル\BaseSystem\Task">
      <UniqueIdentifier>{453161b1-eb5b-40dc-a61f-fb4c9e91356b}</UniqueIdentifier>
    </Filter>
    <Filter Include="ソース ファイル\BaseSystem\UI">
      <UniqueIdentifier>{93383a33-a196-413e-a7c6-2dfe09ecd721}</UniqueIdentifier>
    </Filter>
    <Filter Include="ソース ファイル\BaseSystem\Collider">
      <UniqueIdentifier>{87aa1e71-3b0d-4bbb-a1bf-7c214a8ac584}</UniqueIdentifier>
    </Filter>
    <Filter Include="ソース ファイル\BaseSystem\System">
      <UniqueIdentifier>{88b3af3d-95a5-4b6c-b691-57f42b478603}</UniqueIdentifier>
    </Filter>
    <Filter Include="ソース ファイル\BaseSystem\Effect">
      <UniqueIdentifier>{25224d48-fbee-4330-9c49-651acfb6e52a}</UniqueIdentifier>
    </Filter>
    <Filter Include="ソース ファイル\BaseSystem\Object">
      <UniqueIdentifier>{8459ca36-5981-4aeb-9308-c456d0366b48}</UniqueIdentifier>
    </Filter>
    <Filter Include="ソース ファイル\BaseSystem\Object\Character">
      <UniqueIdentifier>{2f1bc137-2900-4b8e-850a-cde32072c819}</UniqueIdentifier>
    </Filter>
    <Filter Include="ソース ファイル\BaseSystem\Scene">
      <UniqueIdentifier>{af5b623e-17c3-4308-b3ba-410f9a5b9c72}</UniqueIdentifier>
    </Filter>
    <Filter Include="ソース ファイル\BaseSystem\Debug">
      <UniqueIdentifier>{03c92fc0-53b3-405c-a2df-311b825d8127}</UniqueIdentifier>
    </Filter>
    <Filter Include="ソース ファイル\Game">
      <UniqueIdentifier>{05e59e8f-acd7-4d0a-bd9a-a5c6bd690bd4}</UniqueIdentifier>
    </Filter>
    <Filter Include="ソース ファイル\Game\Character">
      <UniqueIdentifier>{72debf50-9646-4186-80a0-951072c29999}</UniqueIdentifier>
    </Filter>
    <Filter Include="ソース ファイル\Game\Scene">
      <UniqueIdentifier>{7ddeeb75-320d-4391-819c-2a0c8f8f0538}</UniqueIdentifier>
    </Filter>
    <Filter Include="ソース ファイル\Game\Field">
      <UniqueIdentifier>{acbeca61-006d-429d-8391-45dc7983885d}</UniqueIdentifier>
    </Filter>
    <Filter Include="ソース ファイル\Game\Field\Object">
      <UniqueIdentifier>{944b0643-4c32-4f86-9d33-49cba7329b64}</UniqueIdentifier>
    </Filter>
    <Filter Include="ソース ファイル\Test">
      <UniqueIdentifier>{ab8bd641-7ca6-42f9-8f59-214f855f6a94}</UniqueIdentifier>
    </Filter>
    <Filter Include="ソース ファイル\Test\CollisionTest">
      <UniqueIdentifier>{2f8e40da-ce3e-4c93-a0ad-c58115e9f104}</UniqueIdentifier>
    </Filter>
    <Filter Include="ソース ファイル\Test\BootMenu">
      <UniqueIdentifier>{2aa74f13-8e56-41e9-ac27-7436c535f69b}</UniqueIdentifier>
    </Filter>
    <Filter Include="ソース ファイル\BaseSystem\Resource">
      <UniqueIdentifier>{ea8fc4f6-9c92-47ec-beb2-565bdc0b8827}</UniqueIdentifier>
    </Filter>
    <Filter Include="ソース ファイル\Game\System">
      <UniqueIdentifier>{58552d5f-f0e8-45c4-accd-bb75766151c5}</UniqueIdentifier>
    </Filter>
    <Filter Include="ソース ファイル\Game\Weapon">
      <UniqueIdentifier>{e9dd7340-e009-4436-9205-0da40d433b0e}</UniqueIdentifier>
    </Filter>
    <Filter Include="ソース ファイル\Game\UI">
      <UniqueIdentifier>{06415872-7a7a-4762-bcee-be700e41df19}</UniqueIdentifier>
    </Filter>
    <Filter Include="ソース ファイル\Game\UI\Menu">
      <UniqueIdentifier>{840bad1b-c529-4d3c-99b0-dc44602ad15a}</UniqueIdentifier>
    </Filter>
    <Filter Include="ソース ファイル\BaseSystem\Sound">
      <UniqueIdentifier>{669523f2-6f26-481f-b88a-02d59c66a795}</UniqueIdentifier>
    </Filter>
    <Filter Include="ソース ファイル\Game\Effect">
      <UniqueIdentifier>{836068fe-0d42-4c0a-9576-b3fec66db29c}</UniqueIdentifier>
    </Filter>
    <Filter Include="ソース ファイル\Game\UI\Title">
      <UniqueIdentifier>{a594cb69-7b77-4a90-8304-3ec10f740063}</UniqueIdentifier>
    </Filter>
    <Filter Include="ソース ファイル\Game\Character\Enemy">
      <UniqueIdentifier>{ec280ca7-8243-49d0-adff-34255272bfe1}</UniqueIdentifier>
    </Filter>
    <Filter Include="ソース ファイル\BaseSystem\Navigation">
      <UniqueIdentifier>{385f8279-0f7e-4273-9c5d-14919cbe6cd9}</UniqueIdentifier>
    </Filter>
    <Filter Include="ソース ファイル\BaseSystem\Shader">
      <UniqueIdentifier>{c19b8829-5f60-4c9d-9e2f-960d58050af5}</UniqueIdentifier>
    </Filter>
  </ItemGroup>
  <ItemGroup>
    <ClCompile Include="src\main.cpp">
      <Filter>ソース ファイル</Filter>
    </ClCompile>
    <ClCompile Include="src\BaseSystem\CCollider.cpp">
      <Filter>ソース ファイル\BaseSystem\Collider</Filter>
    </ClCompile>
    <ClCompile Include="src\BaseSystem\CColliderLine.cpp">
      <Filter>ソース ファイル\BaseSystem\Collider</Filter>
    </ClCompile>
    <ClCompile Include="src\BaseSystem\CColliderMesh.cpp">
      <Filter>ソース ファイル\BaseSystem\Collider</Filter>
    </ClCompile>
    <ClCompile Include="src\BaseSystem\CColliderTriangle.cpp">
      <Filter>ソース ファイル\BaseSystem\Collider</Filter>
    </ClCompile>
    <ClCompile Include="src\BaseSystem\CCollisionManager.cpp">
      <Filter>ソース ファイル\BaseSystem\Collider</Filter>
    </ClCompile>
    <ClCompile Include="src\BaseSystem\CMatrix.cpp">
      <Filter>ソース ファイル\BaseSystem\Math</Filter>
    </ClCompile>
    <ClCompile Include="src\BaseSystem\CVector.cpp">
      <Filter>ソース ファイル\BaseSystem\Math</Filter>
    </ClCompile>
    <ClCompile Include="src\BaseSystem\CMaterial.cpp">
      <Filter>ソース ファイル\BaseSystem\Model</Filter>
    </ClCompile>
    <ClCompile Include="src\BaseSystem\CModel.cpp">
      <Filter>ソース ファイル\BaseSystem\Model</Filter>
    </ClCompile>
    <ClCompile Include="src\BaseSystem\CModelX.cpp">
      <Filter>ソース ファイル\BaseSystem\Model</Filter>
    </ClCompile>
    <ClCompile Include="src\BaseSystem\CTriangle.cpp">
      <Filter>ソース ファイル\BaseSystem\Model</Filter>
    </ClCompile>
    <ClCompile Include="src\BaseSystem\CCamera.cpp">
      <Filter>ソース ファイル\BaseSystem\System</Filter>
    </ClCompile>
    <ClCompile Include="src\BaseSystem\CInput.cpp">
      <Filter>ソース ファイル\BaseSystem\System</Filter>
    </ClCompile>
    <ClCompile Include="src\BaseSystem\CTexture.cpp">
      <Filter>ソース ファイル\BaseSystem\System</Filter>
    </ClCompile>
    <ClCompile Include="src\BaseSystem\CTransform.cpp">
      <Filter>ソース ファイル\BaseSystem\System</Filter>
    </ClCompile>
    <ClCompile Include="src\BaseSystem\CTaskManager.cpp">
      <Filter>ソース ファイル\BaseSystem\Task</Filter>
    </ClCompile>
    <ClCompile Include="src\BaseSystem\CFont.cpp">
      <Filter>ソース ファイル\BaseSystem\UI</Filter>
    </ClCompile>
    <ClCompile Include="src\Game\CApplication.cpp">
      <Filter>ソース ファイル\Game</Filter>
    </ClCompile>
    <ClCompile Include="src\Game\CPlayer.cpp">
      <Filter>ソース ファイル\Game\Character</Filter>
    </ClCompile>
    <ClCompile Include="src\BaseSystem\CEffect.cpp">
      <Filter>ソース ファイル\BaseSystem\Effect</Filter>
    </ClCompile>
    <ClCompile Include="src\BaseSystem\CBillboard.cpp">
      <Filter>ソース ファイル\BaseSystem\Effect</Filter>
    </ClCompile>
    <ClCompile Include="src\BaseSystem\CTask.cpp">
      <Filter>ソース ファイル\BaseSystem\Task</Filter>
    </ClCompile>
    <ClCompile Include="src\BaseSystem\CObjectBase.cpp">
      <Filter>ソース ファイル\BaseSystem\Object</Filter>
    </ClCompile>
    <ClCompile Include="src\BaseSystem\CCharaBase.cpp">
      <Filter>ソース ファイル\BaseSystem\Object\Character</Filter>
    </ClCompile>
    <ClCompile Include="src\BaseSystem\CColliderSphere.cpp">
      <Filter>ソース ファイル\BaseSystem\Collider</Filter>
    </ClCompile>
    <ClCompile Include="src\BaseSystem\CSceneBase.cpp">
      <Filter>ソース ファイル\BaseSystem\Scene</Filter>
    </ClCompile>
    <ClCompile Include="src\BaseSystem\CSceneManager.cpp">
      <Filter>ソース ファイル\BaseSystem\Scene</Filter>
    </ClCompile>
    <ClCompile Include="src\BaseSystem\CColor.cpp">
      <Filter>ソース ファイル\BaseSystem\Math</Filter>
    </ClCompile>
    <ClCompile Include="src\BaseSystem\CTextureFont.cpp">
      <Filter>ソース ファイル\BaseSystem\UI</Filter>
    </ClCompile>
    <ClCompile Include="src\BaseSystem\CText.cpp">
      <Filter>ソース ファイル\BaseSystem\UI</Filter>
    </ClCompile>
    <ClCompile Include="src\BaseSystem\CUIBase.cpp">
      <Filter>ソース ファイル\BaseSystem\UI</Filter>
    </ClCompile>
    <ClCompile Include="src\BaseSystem\Maths.cpp">
      <Filter>ソース ファイル\BaseSystem\Math</Filter>
    </ClCompile>
    <ClCompile Include="src\BaseSystem\CQuaternion.cpp">
      <Filter>ソース ファイル\BaseSystem\Math</Filter>
    </ClCompile>
    <ClCompile Include="src\BaseSystem\CDebugPrint.cpp">
      <Filter>ソース ファイル\BaseSystem\Debug</Filter>
    </ClCompile>
    <ClCompile Include="src\Game\CField.cpp">
      <Filter>ソース ファイル\Game\Field</Filter>
    </ClCompile>
    <ClCompile Include="src\Game\CXCharacter.cpp">
      <Filter>ソース ファイル\Game\Character</Filter>
    </ClCompile>
    <ClCompile Include="src\Game\CTitleScene.cpp">
      <Filter>ソース ファイル\Game\Scene</Filter>
    </ClCompile>
    <ClCompile Include="src\Game\CGameScene.cpp">
      <Filter>ソース ファイル\Game\Scene</Filter>
    </ClCompile>
    <ClCompile Include="src\Game\CImage.cpp">
      <Filter>ソース ファイル\BaseSystem\UI</Filter>
    </ClCompile>
    <ClCompile Include="src\Game\CMoveFloor.cpp">
      <Filter>ソース ファイル\Game\Field\Object</Filter>
    </ClCompile>
    <ClCompile Include="src\Game\CRideableObject.cpp">
      <Filter>ソース ファイル\Game\Field\Object</Filter>
    </ClCompile>
    <ClCompile Include="src\Game\CRotateFloor.cpp">
      <Filter>ソース ファイル\Game\Field\Object</Filter>
    </ClCompile>
    <ClCompile Include="src\BaseSystem\CDebugProfiler.cpp">
      <Filter>ソース ファイル\BaseSystem\Debug</Filter>
    </ClCompile>
    <ClCompile Include="src\BaseSystem\CDebugTimer.cpp">
      <Filter>ソース ファイル\BaseSystem\Debug</Filter>
    </ClCompile>
    <ClCompile Include="src\BaseSystem\Primitive.cpp">
      <Filter>ソース ファイル\BaseSystem\System</Filter>
    </ClCompile>
    <ClCompile Include="src\Test\CCollisionTestScene.cpp">
      <Filter>ソース ファイル\Test\CollisionTest</Filter>
    </ClCompile>
    <ClCompile Include="src\Test\CBootMenuScene.cpp">
      <Filter>ソース ファイル\Test\BootMenu</Filter>
    </ClCompile>
    <ClCompile Include="src\BaseSystem\System.cpp">
      <Filter>ソース ファイル\BaseSystem\System</Filter>
    </ClCompile>
    <ClCompile Include="src\Test\CColTriangle.cpp">
      <Filter>ソース ファイル\Test\CollisionTest</Filter>
    </ClCompile>
    <ClCompile Include="src\Test\CColQuad.cpp">
      <Filter>ソース ファイル\Test\CollisionTest</Filter>
    </ClCompile>
    <ClCompile Include="src\Test\CMeasure.cpp">
      <Filter>ソース ファイル\Test\CollisionTest</Filter>
    </ClCompile>
    <ClCompile Include="src\Test\CColBase.cpp">
      <Filter>ソース ファイル\Test\CollisionTest</Filter>
    </ClCompile>
    <ClCompile Include="src\Test\CColLine.cpp">
      <Filter>ソース ファイル\Test\CollisionTest</Filter>
    </ClCompile>
    <ClCompile Include="src\Test\CColSphere.cpp">
      <Filter>ソース ファイル\Test\CollisionTest</Filter>
    </ClCompile>
    <ClCompile Include="src\BaseSystem\CDebugCamera.cpp">
      <Filter>ソース ファイル\BaseSystem\Debug</Filter>
    </ClCompile>
    <ClCompile Include="src\BaseSystem\CDebugInput.cpp">
      <Filter>ソース ファイル\BaseSystem\Debug</Filter>
    </ClCompile>
    <ClCompile Include="src\BaseSystem\CGamePause.cpp">
      <Filter>ソース ファイル\BaseSystem\System</Filter>
    </ClCompile>
    <ClCompile Include="src\BaseSystem\CBillboardImage.cpp">
      <Filter>ソース ファイル\BaseSystem\Effect</Filter>
    </ClCompile>
    <ClCompile Include="src\BaseSystem\CRect.cpp">
      <Filter>ソース ファイル\BaseSystem\Math</Filter>
    </ClCompile>
    <ClCompile Include="src\BaseSystem\CResource.cpp">
      <Filter>ソース ファイル\BaseSystem\Resource</Filter>
    </ClCompile>
    <ClCompile Include="src\BaseSystem\CResourceManager.cpp">
      <Filter>ソース ファイル\BaseSystem\Resource</Filter>
    </ClCompile>
    <ClCompile Include="src\Game\CGameCamera.cpp">
      <Filter>ソース ファイル\Game\System</Filter>
    </ClCompile>
    <ClCompile Include="src\BaseSystem\CLineEffect.cpp">
      <Filter>ソース ファイル\BaseSystem\Effect</Filter>
    </ClCompile>
    <ClCompile Include="src\BaseSystem\CTrailEffect.cpp">
      <Filter>ソース ファイル\BaseSystem\Effect</Filter>
    </ClCompile>
    <ClCompile Include="src\Game\CBullet.cpp">
      <Filter>ソース ファイル\Game\Weapon</Filter>
    </ClCompile>
    <ClCompile Include="src\Game\CGameMenu.cpp">
      <Filter>ソース ファイル\Game\UI\Menu</Filter>
    </ClCompile>
    <ClCompile Include="src\Game\CGameCamera2.cpp">
      <Filter>ソース ファイル\Game\System</Filter>
    </ClCompile>
    <ClCompile Include="src\BaseSystem\CSoundManager.cpp">
      <Filter>ソース ファイル\BaseSystem\Sound</Filter>
    </ClCompile>
    <ClCompile Include="src\BaseSystem\CSound.cpp">
      <Filter>ソース ファイル\BaseSystem\Sound</Filter>
    </ClCompile>
    <ClCompile Include="src\BaseSystem\CFade.cpp">
      <Filter>ソース ファイル\BaseSystem\System</Filter>
    </ClCompile>
    <ClCompile Include="src\BaseSystem\CBGMManager.cpp">
      <Filter>ソース ファイル\BaseSystem\Sound</Filter>
    </ClCompile>
    <ClCompile Include="src\BaseSystem\BGMData.cpp">
      <Filter>ソース ファイル\BaseSystem\Sound</Filter>
    </ClCompile>
    <ClCompile Include="src\BaseSystem\CColliderCapsule.cpp">
      <Filter>ソース ファイル\BaseSystem\Collider</Filter>
    </ClCompile>
    <ClCompile Include="src\Test\CColCapsule.cpp">
      <Filter>ソース ファイル\Test\CollisionTest</Filter>
    </ClCompile>
    <ClCompile Include="src\BaseSystem\Easing.cpp">
      <Filter>ソース ファイル\BaseSystem\Math</Filter>
    </ClCompile>
    <ClCompile Include="src\Game\CFlame.cpp">
      <Filter>ソース ファイル\Game\Effect</Filter>
    </ClCompile>
    <ClCompile Include="src\Game\CFlamethrower.cpp">
      <Filter>ソース ファイル\Game\Effect</Filter>
    </ClCompile>
    <ClCompile Include="src\BaseSystem\CBounds.cpp">
      <Filter>ソース ファイル\BaseSystem\Math</Filter>
    </ClCompile>
    <ClCompile Include="src\Game\CSlash.cpp">
      <Filter>ソース ファイル\Game\Effect</Filter>
    </ClCompile>
    <ClCompile Include="src\Game\CTitleUI.cpp">
      <Filter>ソース ファイル\Game\UI\Title</Filter>
    </ClCompile>
    <ClCompile Include="src\BaseSystem\CButton.cpp">
      <Filter>ソース ファイル\BaseSystem\UI</Filter>
    </ClCompile>
    <ClCompile Include="src\BaseSystem\CUIManager.cpp">
      <Filter>ソース ファイル\BaseSystem\UI</Filter>
    </ClCompile>
    <ClCompile Include="src\BaseSystem\CExpandButton.cpp">
      <Filter>ソース ファイル\BaseSystem\UI</Filter>
    </ClCompile>
    <ClCompile Include="src\BaseSystem\Blend.cpp">
      <Filter>ソース ファイル\BaseSystem\System</Filter>
    </ClCompile>
    <ClCompile Include="src\Game\CSword.cpp">
      <Filter>ソース ファイル\Game\Weapon</Filter>
    </ClCompile>
    <ClCompile Include="src\Game\CWeapon.cpp">
      <Filter>ソース ファイル\Game\Weapon</Filter>
    </ClCompile>
    <ClCompile Include="src\Game\CGaugeUI3D.cpp">
      <Filter>ソース ファイル\Game\UI</Filter>
    </ClCompile>
    <ClCompile Include="src\BaseSystem\CImage3D.cpp">
      <Filter>ソース ファイル\BaseSystem\Effect</Filter>
    </ClCompile>
    <ClCompile Include="src\Game\CEnemy.cpp">
      <Filter>ソース ファイル\Game\Character\Enemy</Filter>
    </ClCompile>
    <ClCompile Include="src\Game\CCactus.cpp">
      <Filter>ソース ファイル\Game\Character\Enemy</Filter>
    </ClCompile>
    <ClCompile Include="src\Game\CCactusNeedle.cpp">
      <Filter>ソース ファイル\Game\Character\Enemy</Filter>
    </ClCompile>
    <ClCompile Include="src\BaseSystem\CFontData.cpp">
      <Filter>ソース ファイル\BaseSystem\UI</Filter>
    </ClCompile>
    <ClCompile Include="src\BaseSystem\CNavManager.cpp">
      <Filter>ソース ファイル\BaseSystem\Navigation</Filter>
    </ClCompile>
    <ClCompile Include="src\BaseSystem\CNavNode.cpp">
      <Filter>ソース ファイル\BaseSystem\Navigation</Filter>
    </ClCompile>
    <ClCompile Include="src\BaseSystem\CMyShader.cpp">
      <Filter>ソース ファイル\BaseSystem\Shader</Filter>
    </ClCompile>
    <ClCompile Include="src\BaseSystem\CShader.cpp">
      <Filter>ソース ファイル\BaseSystem\Shader</Filter>
    </ClCompile>
  </ItemGroup>
  <ItemGroup>
    <ClInclude Include="src\BaseSystem\CCollider.h">
      <Filter>ソース ファイル\BaseSystem\Collider</Filter>
    </ClInclude>
    <ClInclude Include="src\BaseSystem\CColliderLine.h">
      <Filter>ソース ファイル\BaseSystem\Collider</Filter>
    </ClInclude>
    <ClInclude Include="src\BaseSystem\CColliderMesh.h">
      <Filter>ソース ファイル\BaseSystem\Collider</Filter>
    </ClInclude>
    <ClInclude Include="src\BaseSystem\CColliderTriangle.h">
      <Filter>ソース ファイル\BaseSystem\Collider</Filter>
    </ClInclude>
    <ClInclude Include="src\BaseSystem\CCollisionManager.h">
      <Filter>ソース ファイル\BaseSystem\Collider</Filter>
    </ClInclude>
    <ClInclude Include="src\BaseSystem\CMatrix.h">
      <Filter>ソース ファイル\BaseSystem\Math</Filter>
    </ClInclude>
    <ClInclude Include="src\BaseSystem\CVector.h">
      <Filter>ソース ファイル\BaseSystem\Math</Filter>
    </ClInclude>
    <ClInclude Include="src\BaseSystem\CMaterial.h">
      <Filter>ソース ファイル\BaseSystem\Model</Filter>
    </ClInclude>
    <ClInclude Include="src\BaseSystem\CModel.h">
      <Filter>ソース ファイル\BaseSystem\Model</Filter>
    </ClInclude>
    <ClInclude Include="src\BaseSystem\CModelX.h">
      <Filter>ソース ファイル\BaseSystem\Model</Filter>
    </ClInclude>
    <ClInclude Include="src\BaseSystem\CVertex.h">
      <Filter>ソース ファイル\BaseSystem\Model</Filter>
    </ClInclude>
    <ClInclude Include="src\BaseSystem\CTriangle.h">
      <Filter>ソース ファイル\BaseSystem\Model</Filter>
    </ClInclude>
    <ClInclude Include="src\BaseSystem\CCamera.h">
      <Filter>ソース ファイル\BaseSystem\System</Filter>
    </ClInclude>
    <ClInclude Include="src\BaseSystem\CInput.h">
      <Filter>ソース ファイル\BaseSystem\System</Filter>
    </ClInclude>
    <ClInclude Include="src\BaseSystem\CTexture.h">
      <Filter>ソース ファイル\BaseSystem\System</Filter>
    </ClInclude>
    <ClInclude Include="src\BaseSystem\CTransform.h">
      <Filter>ソース ファイル\BaseSystem\System</Filter>
    </ClInclude>
    <ClInclude Include="src\BaseSystem\CTask.h">
      <Filter>ソース ファイル\BaseSystem\Task</Filter>
    </ClInclude>
    <ClInclude Include="src\BaseSystem\CTaskManager.h">
      <Filter>ソース ファイル\BaseSystem\Task</Filter>
    </ClInclude>
    <ClInclude Include="src\BaseSystem\CFont.h">
      <Filter>ソース ファイル\BaseSystem\UI</Filter>
    </ClInclude>
    <ClInclude Include="src\Game\CApplication.h">
      <Filter>ソース ファイル\Game</Filter>
    </ClInclude>
    <ClInclude Include="src\Game\CPlayer.h">
      <Filter>ソース ファイル\Game\Character</Filter>
    </ClInclude>
    <ClInclude Include="src\BaseSystem\CEffect.h">
      <Filter>ソース ファイル\BaseSystem\Effect</Filter>
    </ClInclude>
    <ClInclude Include="src\BaseSystem\CBillboard.h">
      <Filter>ソース ファイル\BaseSystem\Effect</Filter>
    </ClInclude>
    <ClInclude Include="src\BaseSystem\TaskPriority.h">
      <Filter>ソース ファイル\BaseSystem\Task</Filter>
    </ClInclude>
    <ClInclude Include="src\BaseSystem\TaskPauseType.h">
      <Filter>ソース ファイル\BaseSystem\Task</Filter>
    </ClInclude>
    <ClInclude Include="src\BaseSystem\ColliderType.h">
      <Filter>ソース ファイル\BaseSystem\Collider</Filter>
    </ClInclude>
    <ClInclude Include="src\BaseSystem\CObjectBase.h">
      <Filter>ソース ファイル\BaseSystem\Object</Filter>
    </ClInclude>
    <ClInclude Include="src\BaseSystem\CCharaBase.h">
      <Filter>ソース ファイル\BaseSystem\Object\Character</Filter>
    </ClInclude>
    <ClInclude Include="src\BaseSystem\ObjectTag.h">
      <Filter>ソース ファイル\BaseSystem\Object</Filter>
    </ClInclude>
    <ClInclude Include="src\BaseSystem\CollisionLayer.h">
      <Filter>ソース ファイル\BaseSystem\Collider</Filter>
    </ClInclude>
    <ClInclude Include="src\BaseSystem\CColliderSphere.h">
      <Filter>ソース ファイル\BaseSystem\Collider</Filter>
    </ClInclude>
    <ClInclude Include="src\BaseSystem\CSceneBase.h">
      <Filter>ソース ファイル\BaseSystem\Scene</Filter>
    </ClInclude>
    <ClInclude Include="src\BaseSystem\CSceneManager.h">
      <Filter>ソース ファイル\BaseSystem\Scene</Filter>
    </ClInclude>
    <ClInclude Include="src\BaseSystem\SceneType.h">
      <Filter>ソース ファイル\BaseSystem\Scene</Filter>
    </ClInclude>
    <ClInclude Include="src\BaseSystem\CColor.h">
      <Filter>ソース ファイル\BaseSystem\Math</Filter>
    </ClInclude>
    <ClInclude Include="src\BaseSystem\CTextureFont.h">
      <Filter>ソース ファイル\BaseSystem\UI</Filter>
    </ClInclude>
    <ClInclude Include="src\Define.h">
      <Filter>ソース ファイル</Filter>
    </ClInclude>
    <ClInclude Include="src\BaseSystem\CText.h">
      <Filter>ソース ファイル\BaseSystem\UI</Filter>
    </ClInclude>
    <ClInclude Include="src\BaseSystem\CUIBase.h">
      <Filter>ソース ファイル\BaseSystem\UI</Filter>
    </ClInclude>
    <ClInclude Include="src\BaseSystem\Maths.h">
      <Filter>ソース ファイル\BaseSystem\Math</Filter>
    </ClInclude>
    <ClInclude Include="src\BaseSystem\CQuaternion.h">
      <Filter>ソース ファイル\BaseSystem\Math</Filter>
    </ClInclude>
    <ClInclude Include="src\BaseSystem\CDebugPrint.h">
      <Filter>ソース ファイル\BaseSystem\Debug</Filter>
    </ClInclude>
    <ClInclude Include="src\Game\CField.h">
      <Filter>ソース ファイル\Game\Field</Filter>
    </ClInclude>
    <ClInclude Include="src\Game\CXCharacter.h">
      <Filter>ソース ファイル\Game\Character</Filter>
    </ClInclude>
    <ClInclude Include="src\Game\CTitleScene.h">
      <Filter>ソース ファイル\Game\Scene</Filter>
    </ClInclude>
    <ClInclude Include="src\Game\CGameScene.h">
      <Filter>ソース ファイル\Game\Scene</Filter>
    </ClInclude>
    <ClInclude Include="src\Game\CImage.h">
      <Filter>ソース ファイル\BaseSystem\UI</Filter>
    </ClInclude>
    <ClInclude Include="src\Game\CMoveFloor.h">
      <Filter>ソース ファイル\Game\Field\Object</Filter>
    </ClInclude>
    <ClInclude Include="src\Game\CRideableObject.h">
      <Filter>ソース ファイル\Game\Field\Object</Filter>
    </ClInclude>
    <ClInclude Include="src\Game\CRotateFloor.h">
      <Filter>ソース ファイル\Game\Field\Object</Filter>
    </ClInclude>
    <ClInclude Include="src\BaseSystem\CDebugProfiler.h">
      <Filter>ソース ファイル\BaseSystem\Debug</Filter>
    </ClInclude>
    <ClInclude Include="src\BaseSystem\CDebugTimer.h">
      <Filter>ソース ファイル\BaseSystem\Debug</Filter>
    </ClInclude>
    <ClInclude Include="src\BaseSystem\Primitive.h">
      <Filter>ソース ファイル\BaseSystem\System</Filter>
    </ClInclude>
    <ClInclude Include="src\Test\CCollisionTestScene.h">
      <Filter>ソース ファイル\Test\CollisionTest</Filter>
    </ClInclude>
    <ClInclude Include="src\Test\CBootMenuScene.h">
      <Filter>ソース ファイル\Test\BootMenu</Filter>
    </ClInclude>
    <ClInclude Include="src\BaseSystem\System.h">
      <Filter>ソース ファイル\BaseSystem\System</Filter>
    </ClInclude>
    <ClInclude Include="src\Test\CColTriangle.h">
      <Filter>ソース ファイル\Test\CollisionTest</Filter>
    </ClInclude>
    <ClInclude Include="src\Test\CColQuad.h">
      <Filter>ソース ファイル\Test\CollisionTest</Filter>
    </ClInclude>
    <ClInclude Include="src\Test\CMeasure.h">
      <Filter>ソース ファイル\Test\CollisionTest</Filter>
    </ClInclude>
    <ClInclude Include="src\Test\CColBase.h">
      <Filter>ソース ファイル\Test\CollisionTest</Filter>
    </ClInclude>
    <ClInclude Include="src\Test\CColLine.h">
      <Filter>ソース ファイル\Test\CollisionTest</Filter>
    </ClInclude>
    <ClInclude Include="src\Test\CColSphere.h">
      <Filter>ソース ファイル\Test\CollisionTest</Filter>
    </ClInclude>
    <ClInclude Include="src\BaseSystem\CDebugCamera.h">
      <Filter>ソース ファイル\BaseSystem\Debug</Filter>
    </ClInclude>
    <ClInclude Include="src\BaseSystem\CDebugInput.h">
      <Filter>ソース ファイル\BaseSystem\Debug</Filter>
    </ClInclude>
    <ClInclude Include="src\BaseSystem\CGamePause.h">
      <Filter>ソース ファイル\BaseSystem\System</Filter>
    </ClInclude>
    <ClInclude Include="src\BaseSystem\CBillboardImage.h">
      <Filter>ソース ファイル\BaseSystem\Effect</Filter>
    </ClInclude>
    <ClInclude Include="src\BaseSystem\CRect.h">
      <Filter>ソース ファイル\BaseSystem\Math</Filter>
    </ClInclude>
    <ClInclude Include="src\BaseSystem\CResource.h">
      <Filter>ソース ファイル\BaseSystem\Resource</Filter>
    </ClInclude>
    <ClInclude Include="src\BaseSystem\CResourceManager.h">
      <Filter>ソース ファイル\BaseSystem\Resource</Filter>
    </ClInclude>
    <ClInclude Include="src\Game\CGameCamera.h">
      <Filter>ソース ファイル\Game\System</Filter>
    </ClInclude>
    <ClInclude Include="src\BaseSystem\CLineEffect.h">
      <Filter>ソース ファイル\BaseSystem\Effect</Filter>
    </ClInclude>
    <ClInclude Include="src\BaseSystem\CTrailEffect.h">
      <Filter>ソース ファイル\BaseSystem\Effect</Filter>
    </ClInclude>
    <ClInclude Include="src\Game\CBullet.h">
      <Filter>ソース ファイル\Game\Weapon</Filter>
    </ClInclude>
    <ClInclude Include="src\Game\CGameMenu.h">
      <Filter>ソース ファイル\Game\UI\Menu</Filter>
    </ClInclude>
    <ClInclude Include="src\Game\CGameCamera2.h">
      <Filter>ソース ファイル\Game\System</Filter>
    </ClInclude>
    <ClInclude Include="src\BaseSystem\CSoundManager.h">
      <Filter>ソース ファイル\BaseSystem\Sound</Filter>
    </ClInclude>
    <ClInclude Include="src\BaseSystem\CSound.h">
      <Filter>ソース ファイル\BaseSystem\Sound</Filter>
    </ClInclude>
    <ClInclude Include="src\BaseSystem\CFade.h">
      <Filter>ソース ファイル\BaseSystem\System</Filter>
    </ClInclude>
    <ClInclude Include="src\BaseSystem\CBGMManager.h">
      <Filter>ソース ファイル\BaseSystem\Sound</Filter>
    </ClInclude>
    <ClInclude Include="src\BaseSystem\BGMData.h">
      <Filter>ソース ファイル\BaseSystem\Sound</Filter>
    </ClInclude>
    <ClInclude Include="src\BaseSystem\CColliderCapsule.h">
      <Filter>ソース ファイル\BaseSystem\Collider</Filter>
    </ClInclude>
    <ClInclude Include="src\Test\CColCapsule.h">
      <Filter>ソース ファイル\Test\CollisionTest</Filter>
    </ClInclude>
    <ClInclude Include="src\BaseSystem\Easing.h">
      <Filter>ソース ファイル\BaseSystem\Math</Filter>
    </ClInclude>
    <ClInclude Include="src\Game\CFlame.h">
      <Filter>ソース ファイル\Game\Effect</Filter>
    </ClInclude>
    <ClInclude Include="src\Game\CFlamethrower.h">
      <Filter>ソース ファイル\Game\Effect</Filter>
    </ClInclude>
    <ClInclude Include="src\BaseSystem\CBounds.h">
      <Filter>ソース ファイル\BaseSystem\Math</Filter>
    </ClInclude>
    <ClInclude Include="src\Game\CSlash.h">
      <Filter>ソース ファイル\Game\Effect</Filter>
    </ClInclude>
    <ClInclude Include="src\Game\CTitleUI.h">
      <Filter>ソース ファイル\Game\UI\Title</Filter>
    </ClInclude>
    <ClInclude Include="src\BaseSystem\CButton.h">
      <Filter>ソース ファイル\BaseSystem\UI</Filter>
    </ClInclude>
    <ClInclude Include="src\BaseSystem\CUIManager.h">
      <Filter>ソース ファイル\BaseSystem\UI</Filter>
    </ClInclude>
    <ClInclude Include="src\BaseSystem\CExpandButton.h">
      <Filter>ソース ファイル\BaseSystem\UI</Filter>
    </ClInclude>
    <ClInclude Include="src\BaseSystem\Times.h">
      <Filter>ソース ファイル\BaseSystem\System</Filter>
    </ClInclude>
    <ClInclude Include="src\BaseSystem\Blend.h">
      <Filter>ソース ファイル\BaseSystem\System</Filter>
    </ClInclude>
    <ClInclude Include="src\Game\CSword.h">
      <Filter>ソース ファイル\Game\Weapon</Filter>
    </ClInclude>
    <ClInclude Include="src\Game\CWeapon.h">
      <Filter>ソース ファイル\Game\Weapon</Filter>
    </ClInclude>
    <ClInclude Include="src\Game\CGaugeUI3D.h">
      <Filter>ソース ファイル\Game\UI</Filter>
    </ClInclude>
    <ClInclude Include="src\BaseSystem\CImage3D.h">
      <Filter>ソース ファイル\BaseSystem\Effect</Filter>
    </ClInclude>
    <ClInclude Include="src\Game\CEnemy.h">
      <Filter>ソース ファイル\Game\Character\Enemy</Filter>
    </ClInclude>
    <ClInclude Include="src\Game\CCactus.h">
      <Filter>ソース ファイル\Game\Character\Enemy</Filter>
    </ClInclude>
    <ClInclude Include="src\Game\CCactusNeedle.h">
      <Filter>ソース ファイル\Game\Character\Enemy</Filter>
    </ClInclude>
    <ClInclude Include="src\BaseSystem\CFontData.h">
      <Filter>ソース ファイル\BaseSystem\UI</Filter>
    </ClInclude>
    <ClInclude Include="src\BaseSystem\CNavManager.h">
      <Filter>ソース ファイル\BaseSystem\Navigation</Filter>
    </ClInclude>
    <ClInclude Include="src\BaseSystem\CNavNode.h">
      <Filter>ソース ファイル\BaseSystem\Navigation</Filter>
    </ClInclude>
    <ClInclude Include="src\BaseSystem\CMyShader.h">
      <Filter>ソース ファイル\BaseSystem\Shader</Filter>
    </ClInclude>
    <ClInclude Include="src\BaseSystem\CShader.h">
      <Filter>ソース ファイル\BaseSystem\Shader</Filter>
    </ClInclude>
  </ItemGroup>
</Project>